
Microsoft Visual Studio Solution File, Format Version 12.00
# Visual Studio Version 17
VisualStudioVersion = 17.13.35913.81 d17.13
MinimumVisualStudioVersion = 10.0.40219.1
Project("{FAE04EC0-301F-11D3-BF4B-00C04F79EFBC}") = "CriptoBiyuya", "CriptoBiyuya.csproj", "{44B50D02-2A35-48A2-A06D-C604894DFBFA}"
EndProject
Global
	GlobalSection(SolutionConfigurationPlatforms) = preSolution
		Debug|Any CPU = Debug|Any CPU
		Release|Any CPU = Release|Any CPU
	EndGlobalSection
	GlobalSection(ProjectConfigurationPlatforms) = postSolution
		{44B50D02-2A35-48A2-A06D-C604894DFBFA}.Debug|Any CPU.ActiveCfg = Debug|Any CPU
		{44B50D02-2A35-48A2-A06D-C604894DFBFA}.Debug|Any CPU.Build.0 = Debug|Any CPU
		{44B50D02-2A35-48A2-A06D-C604894DFBFA}.Release|Any CPU.ActiveCfg = Release|Any CPU
		{44B50D02-2A35-48A2-A06D-C604894DFBFA}.Release|Any CPU.Build.0 = Release|Any CPU
	EndGlobalSection
	GlobalSection(SolutionProperties) = preSolution
		HideSolutionNode = FALSE
	EndGlobalSection
	GlobalSection(ExtensibilityGlobals) = postSolution
		SolutionGuid = {0E4A3E95-0739-43C0-B3D4-2DD5D163A0BF}
	EndGlobalSection
EndGlobal
